
Microsoft Visual Studio Solution File, Format Version 12.00
# Visual Studio Version 17
VisualStudioVersion = 17.7.34031.279
MinimumVisualStudioVersion = 10.0.40219.1
Project("{9A19103F-16F7-4668-BE54-9A1E7A4F7556}") = "EcomAuthentication", "EcomAuthentication\EcomAuthentication.csproj", "{CFFD0116-D889-479A-89FC-8F4582B14F1E}"
EndProject
Project("{FAE04EC0-301F-11D3-BF4B-00C04F79EFBC}") = "EcommProduct", "EcommProduct\EcommProduct.csproj", "{EEE05497-E1D3-4813-8686-9B997D5F875F}"
EndProject
Global
	GlobalSection(SolutionConfigurationPlatforms) = preSolution
		Debug|Any CPU = Debug|Any CPU
		Release|Any CPU = Release|Any CPU
	EndGlobalSection
	GlobalSection(ProjectConfigurationPlatforms) = postSolution
		{CFFD0116-D889-479A-89FC-8F4582B14F1E}.Debug|Any CPU.ActiveCfg = Debug|Any CPU
		{CFFD0116-D889-479A-89FC-8F4582B14F1E}.Debug|Any CPU.Build.0 = Debug|Any CPU
		{CFFD0116-D889-479A-89FC-8F4582B14F1E}.Release|Any CPU.ActiveCfg = Release|Any CPU
		{CFFD0116-D889-479A-89FC-8F4582B14F1E}.Release|Any CPU.Build.0 = Release|Any CPU
		{EEE05497-E1D3-4813-8686-9B997D5F875F}.Debug|Any CPU.ActiveCfg = Debug|Any CPU
		{EEE05497-E1D3-4813-8686-9B997D5F875F}.Debug|Any CPU.Build.0 = Debug|Any CPU
		{EEE05497-E1D3-4813-8686-9B997D5F875F}.Release|Any CPU.ActiveCfg = Release|Any CPU
		{EEE05497-E1D3-4813-8686-9B997D5F875F}.Release|Any CPU.Build.0 = Release|Any CPU
	EndGlobalSection
	GlobalSection(SolutionProperties) = preSolution
		HideSolutionNode = FALSE
	EndGlobalSection
	GlobalSection(ExtensibilityGlobals) = postSolution
		SolutionGuid = {BD8445B4-DBCD-4F7A-B491-DA58E075BD9B}
	EndGlobalSection
EndGlobal
